
Microsoft Visual Studio Solution File, Format Version 12.00
# Visual Studio 15
VisualStudioVersion = 15.0.28307.136
MinimumVisualStudioVersion = 10.0.40219.1
Project("{FAE04EC0-301F-11D3-BF4B-00C04F79EFBC}") = "TeacherHelper", "TeacherHelper\TeacherHelper.csproj", "{5E6FED6C-825E-4297-A0EE-A91E99AEF01B}"
EndProject
Project("{FAE04EC0-301F-11D3-BF4B-00C04F79EFBC}") = "TeacherHelper.Services", "TeacherHelper.Services\TeacherHelper.Services.csproj", "{A86BCF11-17E4-4962-AC7B-11320FD68616}"
EndProject
Project("{FAE04EC0-301F-11D3-BF4B-00C04F79EFBC}") = "TeacherHelper.Models", "TeacherHelper.Models\TeacherHelper.Models.csproj", "{474386F7-FC44-4543-9F07-3B40CA35B0AA}"
EndProject
Project("{FAE04EC0-301F-11D3-BF4B-00C04F79EFBC}") = "TeacherHelper.RegistrationCreator", "TeacherHelper.RegistrationCreator\TeacherHelper.RegistrationCreator.csproj", "{B3D6FDE9-39E0-44DF-9605-A0540EFC3C71}"
EndProject
Project("{FAE04EC0-301F-11D3-BF4B-00C04F79EFBC}") = "TeacherHelper.CustomControls", "TeacherHelper.CustomControls\TeacherHelper.CustomControls.csproj", "{151DFDA6-9164-4B4C-8B6A-228F16FE797A}"
EndProject
Global
	GlobalSection(SolutionConfigurationPlatforms) = preSolution
		Debug|Any CPU = Debug|Any CPU
		Release|Any CPU = Release|Any CPU
	EndGlobalSection
	GlobalSection(ProjectConfigurationPlatforms) = postSolution
		{5E6FED6C-825E-4297-A0EE-A91E99AEF01B}.Debug|Any CPU.ActiveCfg = Debug|Any CPU
		{5E6FED6C-825E-4297-A0EE-A91E99AEF01B}.Debug|Any CPU.Build.0 = Debug|Any CPU
		{5E6FED6C-825E-4297-A0EE-A91E99AEF01B}.Release|Any CPU.ActiveCfg = Release|Any CPU
		{5E6FED6C-825E-4297-A0EE-A91E99AEF01B}.Release|Any CPU.Build.0 = Release|Any CPU
		{A86BCF11-17E4-4962-AC7B-11320FD68616}.Debug|Any CPU.ActiveCfg = Debug|Any CPU
		{A86BCF11-17E4-4962-AC7B-11320FD68616}.Debug|Any CPU.Build.0 = Debug|Any CPU
		{A86BCF11-17E4-4962-AC7B-11320FD68616}.Release|Any CPU.ActiveCfg = Release|Any CPU
		{A86BCF11-17E4-4962-AC7B-11320FD68616}.Release|Any CPU.Build.0 = Release|Any CPU
		{474386F7-FC44-4543-9F07-3B40CA35B0AA}.Debug|Any CPU.ActiveCfg = Debug|Any CPU
		{474386F7-FC44-4543-9F07-3B40CA35B0AA}.Debug|Any CPU.Build.0 = Debug|Any CPU
		{474386F7-FC44-4543-9F07-3B40CA35B0AA}.Release|Any CPU.ActiveCfg = Release|Any CPU
		{474386F7-FC44-4543-9F07-3B40CA35B0AA}.Release|Any CPU.Build.0 = Release|Any CPU
		{B3D6FDE9-39E0-44DF-9605-A0540EFC3C71}.Debug|Any CPU.ActiveCfg = Debug|Any CPU
		{B3D6FDE9-39E0-44DF-9605-A0540EFC3C71}.Debug|Any CPU.Build.0 = Debug|Any CPU
		{B3D6FDE9-39E0-44DF-9605-A0540EFC3C71}.Release|Any CPU.ActiveCfg = Release|Any CPU
		{B3D6FDE9-39E0-44DF-9605-A0540EFC3C71}.Release|Any CPU.Build.0 = Release|Any CPU
		{151DFDA6-9164-4B4C-8B6A-228F16FE797A}.Debug|Any CPU.ActiveCfg = Debug|Any CPU
		{151DFDA6-9164-4B4C-8B6A-228F16FE797A}.Debug|Any CPU.Build.0 = Debug|Any CPU
		{151DFDA6-9164-4B4C-8B6A-228F16FE797A}.Release|Any CPU.ActiveCfg = Release|Any CPU
		{151DFDA6-9164-4B4C-8B6A-228F16FE797A}.Release|Any CPU.Build.0 = Release|Any CPU
	EndGlobalSection
	GlobalSection(SolutionProperties) = preSolution
		HideSolutionNode = FALSE
	EndGlobalSection
	GlobalSection(ExtensibilityGlobals) = postSolution
		SolutionGuid = {EDE6B4E3-E15E-4038-9627-1710C7AB6CA1}
	EndGlobalSection
EndGlobal
